
Microsoft Visual Studio Solution File, Format Version 12.00
# Visual Studio 2013
VisualStudioVersion = 12.0.31101.0
MinimumVisualStudioVersion = 10.0.40219.1
Project("{FAE04EC0-301F-11D3-BF4B-00C04F79EFBC}") = "DesktopTester", "DesktopTester.csproj", "{1A66B9E1-F0E7-4251-953B-16A7291AADE8}"
EndProject
Project("{FAE04EC0-301F-11D3-BF4B-00C04F79EFBC}") = "XyratexOSC", "..\XyratexOSC\XyratexOSC.csproj", "{C11DA827-217A-458A-A446-87B6502B3AD4}"
EndProject
Project("{FAE04EC0-301F-11D3-BF4B-00C04F79EFBC}") = "Seagate.AAS.Utils", "..\..\..\..\Frameworks\Parsel4\Seagate.AAS.Utils\Seagate.AAS.Utils.csproj", "{17B26588-EF27-4F05-BE71-D7CFEFDF2986}"
EndProject
Global
	GlobalSection(SolutionConfigurationPlatforms) = preSolution
		Debug|Any CPU = Debug|Any CPU
		Release|Any CPU = Release|Any CPU
	EndGlobalSection
	GlobalSection(ProjectConfigurationPlatforms) = postSolution
		{1A66B9E1-F0E7-4251-953B-16A7291AADE8}.Debug|Any CPU.ActiveCfg = Debug|Any CPU
		{1A66B9E1-F0E7-4251-953B-16A7291AADE8}.Debug|Any CPU.Build.0 = Debug|Any CPU
		{1A66B9E1-F0E7-4251-953B-16A7291AADE8}.Release|Any CPU.ActiveCfg = Release|Any CPU
		{1A66B9E1-F0E7-4251-953B-16A7291AADE8}.Release|Any CPU.Build.0 = Release|Any CPU
		{C11DA827-217A-458A-A446-87B6502B3AD4}.Debug|Any CPU.ActiveCfg = Debug|Any CPU
		{C11DA827-217A-458A-A446-87B6502B3AD4}.Debug|Any CPU.Build.0 = Debug|Any CPU
		{C11DA827-217A-458A-A446-87B6502B3AD4}.Release|Any CPU.ActiveCfg = Release|Any CPU
		{C11DA827-217A-458A-A446-87B6502B3AD4}.Release|Any CPU.Build.0 = Release|Any CPU
		{17B26588-EF27-4F05-BE71-D7CFEFDF2986}.Debug|Any CPU.ActiveCfg = Debug|Any CPU
		{17B26588-EF27-4F05-BE71-D7CFEFDF2986}.Debug|Any CPU.Build.0 = Debug|Any CPU
		{17B26588-EF27-4F05-BE71-D7CFEFDF2986}.Release|Any CPU.ActiveCfg = Release|Any CPU
		{17B26588-EF27-4F05-BE71-D7CFEFDF2986}.Release|Any CPU.Build.0 = Release|Any CPU
	EndGlobalSection
	GlobalSection(SolutionProperties) = preSolution
		HideSolutionNode = FALSE
	EndGlobalSection
EndGlobal
