
Microsoft Visual Studio Solution File, Format Version 12.00
# Visual Studio 2012
Project("{FAE04EC0-301F-11D3-BF4B-00C04F79EFBC}") = "XyratexOSC.Licensing.Editor", "XyratexOSC.Licensing.Editor.csproj", "{A22FEF8B-A177-42A0-A5B1-A21711735D77}"
EndProject
Project("{FAE04EC0-301F-11D3-BF4B-00C04F79EFBC}") = "XyratexOSC", "..\..\XyratexOSC.csproj", "{C11DA827-217A-458A-A446-87B6502B3AD4}"
EndProject
Global
	GlobalSection(SolutionConfigurationPlatforms) = preSolution
		Debug|Any CPU = Debug|Any CPU
		Release|Any CPU = Release|Any CPU
	EndGlobalSection
	GlobalSection(ProjectConfigurationPlatforms) = postSolution
		{A22FEF8B-A177-42A0-A5B1-A21711735D77}.Debug|Any CPU.ActiveCfg = Debug|Any CPU
		{A22FEF8B-A177-42A0-A5B1-A21711735D77}.Debug|Any CPU.Build.0 = Debug|Any CPU
		{A22FEF8B-A177-42A0-A5B1-A21711735D77}.Release|Any CPU.ActiveCfg = Release|Any CPU
		{A22FEF8B-A177-42A0-A5B1-A21711735D77}.Release|Any CPU.Build.0 = Release|Any CPU
		{C11DA827-217A-458A-A446-87B6502B3AD4}.Debug|Any CPU.ActiveCfg = Debug|Any CPU
		{C11DA827-217A-458A-A446-87B6502B3AD4}.Debug|Any CPU.Build.0 = Debug|Any CPU
		{C11DA827-217A-458A-A446-87B6502B3AD4}.Release|Any CPU.ActiveCfg = Release|Any CPU
		{C11DA827-217A-458A-A446-87B6502B3AD4}.Release|Any CPU.Build.0 = Release|Any CPU
	EndGlobalSection
	GlobalSection(SolutionProperties) = preSolution
		HideSolutionNode = FALSE
	EndGlobalSection
EndGlobal
