
Microsoft Visual Studio Solution File, Format Version 12.00
# Visual Studio 2012
Project("{FAE04EC0-301F-11D3-BF4B-00C04F79EFBC}") = "XyratexOSC", "XyratexOSC.csproj", "{C11DA827-217A-458A-A446-87B6502B3AD4}"
EndProject
Project("{FAE04EC0-301F-11D3-BF4B-00C04F79EFBC}") = "XyratexOSC.Tests", "Tests\XyratexOSC.Tests\XyratexOSC.Tests.csproj", "{90A88DFC-2EA7-4B1A-A6B5-4C98E2A1B031}"
EndProject
Global
	GlobalSection(SolutionConfigurationPlatforms) = preSolution
		Debug|Any CPU = Debug|Any CPU
		Debug|x64 = Debug|x64
		Release|Any CPU = Release|Any CPU
		Release|x64 = Release|x64
	EndGlobalSection
	GlobalSection(ProjectConfigurationPlatforms) = postSolution
		{C11DA827-217A-458A-A446-87B6502B3AD4}.Debug|Any CPU.ActiveCfg = Debug|Any CPU
		{C11DA827-217A-458A-A446-87B6502B3AD4}.Debug|Any CPU.Build.0 = Debug|Any CPU
		{C11DA827-217A-458A-A446-87B6502B3AD4}.Debug|x64.ActiveCfg = Debug|Any CPU
		{C11DA827-217A-458A-A446-87B6502B3AD4}.Release|Any CPU.ActiveCfg = Release|Any CPU
		{C11DA827-217A-458A-A446-87B6502B3AD4}.Release|Any CPU.Build.0 = Release|Any CPU
		{C11DA827-217A-458A-A446-87B6502B3AD4}.Release|x64.ActiveCfg = Release|Any CPU
		{90A88DFC-2EA7-4B1A-A6B5-4C98E2A1B031}.Debug|Any CPU.ActiveCfg = Debug|Any CPU
		{90A88DFC-2EA7-4B1A-A6B5-4C98E2A1B031}.Debug|Any CPU.Build.0 = Debug|Any CPU
		{90A88DFC-2EA7-4B1A-A6B5-4C98E2A1B031}.Debug|x64.ActiveCfg = Debug|Any CPU
		{90A88DFC-2EA7-4B1A-A6B5-4C98E2A1B031}.Release|Any CPU.ActiveCfg = Release|Any CPU
		{90A88DFC-2EA7-4B1A-A6B5-4C98E2A1B031}.Release|Any CPU.Build.0 = Release|Any CPU
		{90A88DFC-2EA7-4B1A-A6B5-4C98E2A1B031}.Release|x64.ActiveCfg = Release|Any CPU
	EndGlobalSection
	GlobalSection(SolutionProperties) = preSolution
		HideSolutionNode = FALSE
	EndGlobalSection
EndGlobal
