
Microsoft Visual Studio Solution File, Format Version 11.00
# Visual Studio 2010
Project("{FAE04EC0-301F-11D3-BF4B-00C04F79EFBC}") = "Seagate.AAS.Parsel.Device.TurnSection", "Seagate.AAS.Parsel.Device.TurnSection.csproj", "{C219B8A2-4269-4E98-8F43-AB5547B4F327}"
EndProject
Global
	GlobalSection(SolutionConfigurationPlatforms) = preSolution
		Debug|Any CPU = Debug|Any CPU
		Release|Any CPU = Release|Any CPU
	EndGlobalSection
	GlobalSection(ProjectConfigurationPlatforms) = postSolution
		{C219B8A2-4269-4E98-8F43-AB5547B4F327}.Debug|Any CPU.ActiveCfg = Debug|Any CPU
		{C219B8A2-4269-4E98-8F43-AB5547B4F327}.Debug|Any CPU.Build.0 = Debug|Any CPU
		{C219B8A2-4269-4E98-8F43-AB5547B4F327}.Release|Any CPU.ActiveCfg = Release|Any CPU
		{C219B8A2-4269-4E98-8F43-AB5547B4F327}.Release|Any CPU.Build.0 = Release|Any CPU
	EndGlobalSection
	GlobalSection(SolutionProperties) = preSolution
		HideSolutionNode = FALSE
	EndGlobalSection
EndGlobal
